
Microsoft Visual Studio Solution File, Format Version 12.00
# Visual Studio Version 16
VisualStudioVersion = 16.0.30907.101
MinimumVisualStudioVersion = 10.0.40219.1
Project("{FAE04EC0-301F-11D3-BF4B-00C04F79EFBC}") = "lesson_4_1", "lesson_4_1\lesson_4_1.csproj", "{6774A8E7-7F39-4793-9369-60BD4C0FBF01}"
EndProject
Global
	GlobalSection(SolutionConfigurationPlatforms) = preSolution
		Debug|Any CPU = Debug|Any CPU
		Release|Any CPU = Release|Any CPU
	EndGlobalSection
	GlobalSection(ProjectConfigurationPlatforms) = postSolution
		{6774A8E7-7F39-4793-9369-60BD4C0FBF01}.Debug|Any CPU.ActiveCfg = Debug|Any CPU
		{6774A8E7-7F39-4793-9369-60BD4C0FBF01}.Debug|Any CPU.Build.0 = Debug|Any CPU
		{6774A8E7-7F39-4793-9369-60BD4C0FBF01}.Release|Any CPU.ActiveCfg = Release|Any CPU
		{6774A8E7-7F39-4793-9369-60BD4C0FBF01}.Release|Any CPU.Build.0 = Release|Any CPU
	EndGlobalSection
	GlobalSection(SolutionProperties) = preSolution
		HideSolutionNode = FALSE
	EndGlobalSection
	GlobalSection(ExtensibilityGlobals) = postSolution
		SolutionGuid = {38D4DD13-F4A0-43F1-82B3-D675A40D0CCC}
	EndGlobalSection
EndGlobal
